Microsoft Visual Studio Solution File, Format Version 12.00
# Visual Studio Version 17
VisualStudioVersion = 17.5.2.0
MinimumVisualStudioVersion = 10.0.40219.1
Project("{FAE04EC0-301F-11D3-BF4B-00C04F79EFBC}") = "CursosUIMono", "CursosUIMono.csproj", "{1C5252DE-2753-80D3-3531-DA1B65ACFDDD}"
EndProject
Global
	GlobalSection(SolutionConfigurationPlatforms) = preSolution
		Debug|Any CPU = Debug|Any CPU
		Release|Any CPU = Release|Any CPU
	EndGlobalSection
	GlobalSection(ProjectConfigurationPlatforms) = postSolution
		{1C5252DE-2753-80D3-3531-DA1B65ACFDDD}.Debug|Any CPU.ActiveCfg = Debug|Any CPU
		{1C5252DE-2753-80D3-3531-DA1B65ACFDDD}.Debug|Any CPU.Build.0 = Debug|Any CPU
		{1C5252DE-2753-80D3-3531-DA1B65ACFDDD}.Release|Any CPU.ActiveCfg = Release|Any CPU
		{1C5252DE-2753-80D3-3531-DA1B65ACFDDD}.Release|Any CPU.Build.0 = Release|Any CPU
	EndGlobalSection
	GlobalSection(SolutionProperties) = preSolution
		HideSolutionNode = FALSE
	EndGlobalSection
	GlobalSection(ExtensibilityGlobals) = postSolution
		SolutionGuid = {783153E2-AF8C-46B2-A8A7-BEE48B61EC9D}
	EndGlobalSection
EndGlobal
